
Microsoft Visual Studio Solution File, Format Version 12.00
# Visual Studio 2013
VisualStudioVersion = 12.0.31101.0
MinimumVisualStudioVersion = 10.0.40219.1
Project("{FAE04EC0-301F-11D3-BF4B-00C04F79EFBC}") = "03aCustomMediaFormatter", "03aCustomMediaFormatter\03aCustomMediaFormatter.csproj", "{8C02637B-C576-44E1-A62B-CA8B6CCA583D}"
EndProject
Project("{FAE04EC0-301F-11D3-BF4B-00C04F79EFBC}") = "03bRoutingActions", "03bRoutingActions\03bRoutingActions.csproj", "{D86E0F56-D3CF-4022-9A72-E31682B61E51}"
EndProject
Project("{FAE04EC0-301F-11D3-BF4B-00C04F79EFBC}") = "03cCustomContentNegotiation", "03cCustomContentNegotiation\03cCustomContentNegotiation.csproj", "{F393E648-472A-42EF-A89C-F2F6A8579D6B}"
EndProject
Global
	GlobalSection(SolutionConfigurationPlatforms) = preSolution
		Debug|Any CPU = Debug|Any CPU
		Release|Any CPU = Release|Any CPU
	EndGlobalSection
	GlobalSection(ProjectConfigurationPlatforms) = postSolution
		{8C02637B-C576-44E1-A62B-CA8B6CCA583D}.Debug|Any CPU.ActiveCfg = Debug|Any CPU
		{8C02637B-C576-44E1-A62B-CA8B6CCA583D}.Debug|Any CPU.Build.0 = Debug|Any CPU
		{8C02637B-C576-44E1-A62B-CA8B6CCA583D}.Release|Any CPU.ActiveCfg = Release|Any CPU
		{8C02637B-C576-44E1-A62B-CA8B6CCA583D}.Release|Any CPU.Build.0 = Release|Any CPU
		{D86E0F56-D3CF-4022-9A72-E31682B61E51}.Debug|Any CPU.ActiveCfg = Debug|Any CPU
		{D86E0F56-D3CF-4022-9A72-E31682B61E51}.Debug|Any CPU.Build.0 = Debug|Any CPU
		{D86E0F56-D3CF-4022-9A72-E31682B61E51}.Release|Any CPU.ActiveCfg = Release|Any CPU
		{D86E0F56-D3CF-4022-9A72-E31682B61E51}.Release|Any CPU.Build.0 = Release|Any CPU
		{F393E648-472A-42EF-A89C-F2F6A8579D6B}.Debug|Any CPU.ActiveCfg = Debug|Any CPU
		{F393E648-472A-42EF-A89C-F2F6A8579D6B}.Debug|Any CPU.Build.0 = Debug|Any CPU
		{F393E648-472A-42EF-A89C-F2F6A8579D6B}.Release|Any CPU.ActiveCfg = Release|Any CPU
		{F393E648-472A-42EF-A89C-F2F6A8579D6B}.Release|Any CPU.Build.0 = Release|Any CPU
	EndGlobalSection
	GlobalSection(SolutionProperties) = preSolution
		HideSolutionNode = FALSE
	EndGlobalSection
EndGlobal
