
Microsoft Visual Studio Solution File, Format Version 12.00
# Visual Studio 2013
VisualStudioVersion = 12.0.31101.0
MinimumVisualStudioVersion = 10.0.40219.1
Project("{FAE04EC0-301F-11D3-BF4B-00C04F79EFBC}") = "01aScaffolding", "01aScaffolding\01aScaffolding.csproj", "{C15AF83B-5C10-4005-AC3E-2EAAEF90F0FC}"
EndProject
Project("{FAE04EC0-301F-11D3-BF4B-00C04F79EFBC}") = "01bScaffolding", "01bScaffolding\01bScaffolding.csproj", "{E2B71580-E20F-4953-8CB3-AA7872953537}"
EndProject
Global
	GlobalSection(SolutionConfigurationPlatforms) = preSolution
		Debug|Any CPU = Debug|Any CPU
		Release|Any CPU = Release|Any CPU
	EndGlobalSection
	GlobalSection(ProjectConfigurationPlatforms) = postSolution
		{C15AF83B-5C10-4005-AC3E-2EAAEF90F0FC}.Debug|Any CPU.ActiveCfg = Debug|Any CPU
		{C15AF83B-5C10-4005-AC3E-2EAAEF90F0FC}.Debug|Any CPU.Build.0 = Debug|Any CPU
		{C15AF83B-5C10-4005-AC3E-2EAAEF90F0FC}.Release|Any CPU.ActiveCfg = Release|Any CPU
		{C15AF83B-5C10-4005-AC3E-2EAAEF90F0FC}.Release|Any CPU.Build.0 = Release|Any CPU
		{E2B71580-E20F-4953-8CB3-AA7872953537}.Debug|Any CPU.ActiveCfg = Debug|Any CPU
		{E2B71580-E20F-4953-8CB3-AA7872953537}.Debug|Any CPU.Build.0 = Debug|Any CPU
		{E2B71580-E20F-4953-8CB3-AA7872953537}.Release|Any CPU.ActiveCfg = Release|Any CPU
		{E2B71580-E20F-4953-8CB3-AA7872953537}.Release|Any CPU.Build.0 = Release|Any CPU
	EndGlobalSection
	GlobalSection(SolutionProperties) = preSolution
		HideSolutionNode = FALSE
	EndGlobalSection
EndGlobal
